
Microsoft Visual Studio Solution File, Format Version 12.00
# Visual Studio Version 16
VisualStudioVersion = 16.0.30002.166
MinimumVisualStudioVersion = 10.0.40219.1
Project("{9A19103F-16F7-4668-BE54-9A1E7A4F7556}") = "TinyEventBus", "src\TinyEventBus\TinyEventBus.csproj", "{20F4D87B-E4FD-48EB-9FF7-DDEDBE39ED09}"
EndProject
Project("{9A19103F-16F7-4668-BE54-9A1E7A4F7556}") = "TinyEventBus.UnitTest", "test\TinyEventBus.UnitTest\TinyEventBus.UnitTest.csproj", "{20A83AE5-C326-48B9-AFA2-AA8007C26B6A}"
EndProject
Project("{2150E333-8FDC-42A3-9474-1A3956D46DE8}") = "sample", "sample", "{B72121C4-52D2-4884-BA8D-4D1243D9AFAF}"
EndProject
Project("{2150E333-8FDC-42A3-9474-1A3956D46DE8}") = "src", "src", "{3AF9BCC5-F6BB-49C7-B604-51C74433BDED}"
EndProject
Project("{2150E333-8FDC-42A3-9474-1A3956D46DE8}") = "test", "test", "{B0657ADE-40C4-4136-A9C5-115B1B93291A}"
EndProject
Project("{9A19103F-16F7-4668-BE54-9A1E7A4F7556}") = "TinyEventBus.IntegrationTest", "test\TinyEventBus.IntegrationTest\TinyEventBus.IntegrationTest.csproj", "{3FD00BDD-8FB9-48E6-B350-87BB82DA4192}"
EndProject
Project("{9A19103F-16F7-4668-BE54-9A1E7A4F7556}") = "TinyEventBus.Samples.Console.ConsumerA", "sample\TinyEventBus.Samples.Console.Consumer\TinyEventBus.Samples.Console.ConsumerA.csproj", "{C65E6B3A-97E2-493E-A419-698FBEC6B1D4}"
EndProject
Project("{9A19103F-16F7-4668-BE54-9A1E7A4F7556}") = "TineEventBus.Samples.Events", "sample\TineEventBus.Samples.Events\TineEventBus.Samples.Events.csproj", "{14A7064F-45F9-418B-BAA6-3CF4278365AB}"
EndProject
Project("{9A19103F-16F7-4668-BE54-9A1E7A4F7556}") = "TinyEventBus.Samples.Console.Producer", "sample\TinyEventBus.Samples.Console.Producer\TinyEventBus.Samples.Console.Producer.csproj", "{F83F92A2-ED14-4C91-86B5-161E13FB8D93}"
EndProject
Project("{FAE04EC0-301F-11D3-BF4B-00C04F79EFBC}") = "TinyEventBus.Samples.Console.ConsumerB", "sample\TinyEventBus.Samples.Console.ConsumerB\TinyEventBus.Samples.Console.ConsumerB.csproj", "{8DB2876D-AF55-467B-8D63-BE8FD4D0225F}"
EndProject
Project("{FAE04EC0-301F-11D3-BF4B-00C04F79EFBC}") = "TinyEventBus.Samples.Console.ConsumerC", "sample\TinyEventBus.Samples.Console.ConsumerC\TinyEventBus.Samples.Console.ConsumerC.csproj", "{396BB7FD-0C36-4C28-97E8-70B442ECB790}"
EndProject
Global
	GlobalSection(SolutionConfigurationPlatforms) = preSolution
		Debug|Any CPU = Debug|Any CPU
		Release|Any CPU = Release|Any CPU
	EndGlobalSection
	GlobalSection(ProjectConfigurationPlatforms) = postSolution
		{20F4D87B-E4FD-48EB-9FF7-DDEDBE39ED09}.Debug|Any CPU.ActiveCfg = Debug|Any CPU
		{20F4D87B-E4FD-48EB-9FF7-DDEDBE39ED09}.Debug|Any CPU.Build.0 = Debug|Any CPU
		{20F4D87B-E4FD-48EB-9FF7-DDEDBE39ED09}.Release|Any CPU.ActiveCfg = Release|Any CPU
		{20F4D87B-E4FD-48EB-9FF7-DDEDBE39ED09}.Release|Any CPU.Build.0 = Release|Any CPU
		{20A83AE5-C326-48B9-AFA2-AA8007C26B6A}.Debug|Any CPU.ActiveCfg = Debug|Any CPU
		{20A83AE5-C326-48B9-AFA2-AA8007C26B6A}.Debug|Any CPU.Build.0 = Debug|Any CPU
		{20A83AE5-C326-48B9-AFA2-AA8007C26B6A}.Release|Any CPU.ActiveCfg = Release|Any CPU
		{20A83AE5-C326-48B9-AFA2-AA8007C26B6A}.Release|Any CPU.Build.0 = Release|Any CPU
		{3FD00BDD-8FB9-48E6-B350-87BB82DA4192}.Debug|Any CPU.ActiveCfg = Debug|Any CPU
		{3FD00BDD-8FB9-48E6-B350-87BB82DA4192}.Debug|Any CPU.Build.0 = Debug|Any CPU
		{3FD00BDD-8FB9-48E6-B350-87BB82DA4192}.Release|Any CPU.ActiveCfg = Release|Any CPU
		{3FD00BDD-8FB9-48E6-B350-87BB82DA4192}.Release|Any CPU.Build.0 = Release|Any CPU
		{C65E6B3A-97E2-493E-A419-698FBEC6B1D4}.Debug|Any CPU.ActiveCfg = Debug|Any CPU
		{C65E6B3A-97E2-493E-A419-698FBEC6B1D4}.Debug|Any CPU.Build.0 = Debug|Any CPU
		{C65E6B3A-97E2-493E-A419-698FBEC6B1D4}.Release|Any CPU.ActiveCfg = Release|Any CPU
		{C65E6B3A-97E2-493E-A419-698FBEC6B1D4}.Release|Any CPU.Build.0 = Release|Any CPU
		{14A7064F-45F9-418B-BAA6-3CF4278365AB}.Debug|Any CPU.ActiveCfg = Debug|Any CPU
		{14A7064F-45F9-418B-BAA6-3CF4278365AB}.Debug|Any CPU.Build.0 = Debug|Any CPU
		{14A7064F-45F9-418B-BAA6-3CF4278365AB}.Release|Any CPU.ActiveCfg = Release|Any CPU
		{14A7064F-45F9-418B-BAA6-3CF4278365AB}.Release|Any CPU.Build.0 = Release|Any CPU
		{F83F92A2-ED14-4C91-86B5-161E13FB8D93}.Debug|Any CPU.ActiveCfg = Debug|Any CPU
		{F83F92A2-ED14-4C91-86B5-161E13FB8D93}.Debug|Any CPU.Build.0 = Debug|Any CPU
		{F83F92A2-ED14-4C91-86B5-161E13FB8D93}.Release|Any CPU.ActiveCfg = Release|Any CPU
		{F83F92A2-ED14-4C91-86B5-161E13FB8D93}.Release|Any CPU.Build.0 = Release|Any CPU
		{8DB2876D-AF55-467B-8D63-BE8FD4D0225F}.Debug|Any CPU.ActiveCfg = Debug|Any CPU
		{8DB2876D-AF55-467B-8D63-BE8FD4D0225F}.Debug|Any CPU.Build.0 = Debug|Any CPU
		{8DB2876D-AF55-467B-8D63-BE8FD4D0225F}.Release|Any CPU.ActiveCfg = Release|Any CPU
		{8DB2876D-AF55-467B-8D63-BE8FD4D0225F}.Release|Any CPU.Build.0 = Release|Any CPU
		{396BB7FD-0C36-4C28-97E8-70B442ECB790}.Debug|Any CPU.ActiveCfg = Debug|Any CPU
		{396BB7FD-0C36-4C28-97E8-70B442ECB790}.Debug|Any CPU.Build.0 = Debug|Any CPU
		{396BB7FD-0C36-4C28-97E8-70B442ECB790}.Release|Any CPU.ActiveCfg = Release|Any CPU
		{396BB7FD-0C36-4C28-97E8-70B442ECB790}.Release|Any CPU.Build.0 = Release|Any CPU
	EndGlobalSection
	GlobalSection(SolutionProperties) = preSolution
		HideSolutionNode = FALSE
	EndGlobalSection
	GlobalSection(NestedProjects) = preSolution
		{20F4D87B-E4FD-48EB-9FF7-DDEDBE39ED09} = {3AF9BCC5-F6BB-49C7-B604-51C74433BDED}
		{20A83AE5-C326-48B9-AFA2-AA8007C26B6A} = {B0657ADE-40C4-4136-A9C5-115B1B93291A}
		{3FD00BDD-8FB9-48E6-B350-87BB82DA4192} = {B0657ADE-40C4-4136-A9C5-115B1B93291A}
		{C65E6B3A-97E2-493E-A419-698FBEC6B1D4} = {B72121C4-52D2-4884-BA8D-4D1243D9AFAF}
		{14A7064F-45F9-418B-BAA6-3CF4278365AB} = {B72121C4-52D2-4884-BA8D-4D1243D9AFAF}
		{F83F92A2-ED14-4C91-86B5-161E13FB8D93} = {B72121C4-52D2-4884-BA8D-4D1243D9AFAF}
		{8DB2876D-AF55-467B-8D63-BE8FD4D0225F} = {B72121C4-52D2-4884-BA8D-4D1243D9AFAF}
		{396BB7FD-0C36-4C28-97E8-70B442ECB790} = {B72121C4-52D2-4884-BA8D-4D1243D9AFAF}
	EndGlobalSection
	GlobalSection(ExtensibilityGlobals) = postSolution
		SolutionGuid = {7FA70CA2-E1B8-45E5-97B0-4F0B9F45B72C}
	EndGlobalSection
EndGlobal
